
Microsoft Visual Studio Solution File, Format Version 12.00
# Visual Studio Version 16
VisualStudioVersion = 16.0.30413.136
MinimumVisualStudioVersion = 10.0.40219.1
Project("{8BC9CEB8-8B4A-11D0-8D11-00A0C91BC942}") = "word-search", "word-search\word-search.vcxproj", "{5ED6BC36-F0F2-47AB-8173-6672FF77EB33}"
EndProject
Global
	GlobalSection(SolutionConfigurationPlatforms) = preSolution
		Debug|x64 = Debug|x64
		Debug|x86 = Debug|x86
		Release|x64 = Release|x64
		Release|x86 = Release|x86
	EndGlobalSection
	GlobalSection(ProjectConfigurationPlatforms) = postSolution
		{5ED6BC36-F0F2-47AB-8173-6672FF77EB33}.Debug|x64.ActiveCfg = Debug|x64
		{5ED6BC36-F0F2-47AB-8173-6672FF77EB33}.Debug|x64.Build.0 = Debug|x64
		{5ED6BC36-F0F2-47AB-8173-6672FF77EB33}.Debug|x86.ActiveCfg = Debug|Win32
		{5ED6BC36-F0F2-47AB-8173-6672FF77EB33}.Debug|x86.Build.0 = Debug|Win32
		{5ED6BC36-F0F2-47AB-8173-6672FF77EB33}.Release|x64.ActiveCfg = Release|x64
		{5ED6BC36-F0F2-47AB-8173-6672FF77EB33}.Release|x64.Build.0 = Release|x64
		{5ED6BC36-F0F2-47AB-8173-6672FF77EB33}.Release|x86.ActiveCfg = Release|Win32
		{5ED6BC36-F0F2-47AB-8173-6672FF77EB33}.Release|x86.Build.0 = Release|Win32
	EndGlobalSection
	GlobalSection(SolutionProperties) = preSolution
		HideSolutionNode = FALSE
	EndGlobalSection
	GlobalSection(ExtensibilityGlobals) = postSolution
		SolutionGuid = {BF8FD282-C8DC-42A0-AE61-B81C982193DE}
	EndGlobalSection
EndGlobal
